{
  "version": "4",
  "specifiers": {
    "jsr:@std/assert@^1.0.10": "1.0.11",
    "jsr:@std/assert@^1.0.11": "1.0.11",
    "jsr:@std/async@^1.0.9": "1.0.10",
    "jsr:@std/bytes@^1.0.5": "1.0.5",
    "jsr:@std/data-structures@^1.0.6": "1.0.6",
    "jsr:@std/fmt@^1.0.5": "1.0.5",
    "jsr:@std/fs@^1.0.11": "1.0.11",
    "jsr:@std/fs@^1.0.9": "1.0.9",
    "jsr:@std/internal@^1.0.5": "1.0.5",
    "jsr:@std/io@~0.225.2": "0.225.2",
    "jsr:@std/log@~0.224.14": "0.224.14",
    "jsr:@std/path@^1.0.8": "1.0.8",
    "jsr:@std/streams@^1.0.9": "1.0.9",
    "jsr:@std/testing@^1.0.9": "1.0.9",
    "npm:emphasize@7": "7.0.0",
    "npm:fastest-levenshtein@^1.0.16": "1.0.16",
    "npm:figlet@^1.8.0": "1.8.0",
    "npm:highlight.js@^11.11.1": "11.11.1"
  },
  "jsr": {
    "@std/assert@1.0.11": {
      "integrity": "2461ef3c368fe88bc60e186e7744a93112f16fd110022e113a0849e94d1c83c1",
      "dependencies": [
        "jsr:@std/internal"
      ]
    },
    "@std/async@1.0.10": {
      "integrity": "2ff1b1c7d33d1416159989b0f69e59ec7ee8cb58510df01e454def2108b3dbec"
    },
    "@std/bytes@1.0.5": {
      "integrity": "4465dd739d7963d964c809202ebea6d5c6b8e3829ef25c6a224290fbb8a1021e"
    },
    "@std/data-structures@1.0.6": {
      "integrity": "76a7fd8080c66604c0496220a791860492ab21a04a63a969c0b9a0609bbbb760"
    },
    "@std/fmt@1.0.5": {
      "integrity": "0cfab43364bc36650d83c425cd6d99910fc20c4576631149f0f987eddede1a4d"
    },
    "@std/fs@1.0.9": {
      "integrity": "3eef7e3ed3d317b29432c7dcb3b20122820dbc574263f721cb0248ad91bad890",
      "dependencies": [
        "jsr:@std/path"
      ]
    },
    "@std/fs@1.0.11": {
      "integrity": "ba674672693340c5ebdd018b4fe1af46cb08741f42b4c538154e97d217b55bdd",
      "dependencies": [
        "jsr:@std/path"
      ]
    },
    "@std/internal@1.0.5": {
      "integrity": "54a546004f769c1ac9e025abd15a76b6671ddc9687e2313b67376125650dc7ba"
    },
    "@std/io@0.225.0": {
      "integrity": "c1db7c5e5a231629b32d64b9a53139445b2ca640d828c26bf23e1c55f8c079b3"
    },
    "@std/io@0.225.2": {
      "integrity": "3c740cd4ee4c082e6cfc86458f47e2ab7cb353dc6234d5e9b1f91a2de5f4d6c7",
      "dependencies": [
        "jsr:@std/bytes"
      ]
    },
    "@std/log@0.224.14": {
      "integrity": "257f7adceee3b53bb2bc86c7242e7d1bc59729e57d4981c4a7e5b876c808f05e",
      "dependencies": [
        "jsr:@std/fmt",
        "jsr:@std/fs@^1.0.11",
        "jsr:@std/io"
      ]
    },
    "@std/path@1.0.8": {
      "integrity": "548fa456bb6a04d3c1a1e7477986b6cffbce95102d0bb447c67c4ee70e0364be"
    },
    "@std/streams@1.0.9": {
      "integrity": "a9d26b1988cdd7aa7b1f4b51e1c36c1557f3f252880fa6cc5b9f37078b1a5035",
      "dependencies": [
        "jsr:@std/bytes"
      ]
    },
    "@std/testing@1.0.9": {
      "integrity": "9bdd4ac07cb13e7594ac30e90f6ceef7254ac83a9aeaa089be0008f33aab5cd4",
      "dependencies": [
        "jsr:@std/assert@^1.0.10",
        "jsr:@std/async",
        "jsr:@std/data-structures",
        "jsr:@std/fs@^1.0.9",
        "jsr:@std/internal",
        "jsr:@std/path"
      ]
    }
  },
  "npm": {
    "@types/hast@3.0.4": {
      "integrity": "sha512-WPs+bbQw5aCj+x6laNGWLH3wviHtoCv/P3+otBhbOhJgG8qtpdAMlTCxLtsTWA7LH1Oh/bFCHsBn0TPS5m30EQ==",
      "dependencies": [
        "@types/unist"
      ]
    },
    "@types/unist@3.0.2": {
      "integrity": "sha512-dqId9J8K/vGi5Zr7oo212BGii5m3q5Hxlkwy3WpYuKPklmBEvsbMYYyLxAQpSffdLl/gdW0XUpKWFvYmyoWCoQ=="
    },
    "chalk@5.3.0": {
      "integrity": "sha512-dLitG79d+GV1Nb/VYcCDFivJeK1hiukt9QjRNVOsUtTy1rR1YJsmpGGTZ3qJos+uw7WmWF4wUwBd9jxjocFC2w=="
    },
    "dequal@2.0.3": {
      "integrity": "sha512-0je+qPKHEMohvfRTCEo3CrPG6cAzAYgmzKyxRiYSSDkS6eGJdyVJm7WaYA5ECaAD9wLB2T4EEeymA5aFVcYXCA=="
    },
    "devlop@1.1.0": {
      "integrity": "sha512-RWmIqhcFf1lRYBvNmr7qTNuyCt/7/ns2jbpp1+PalgE/rDQcBT0fioSMUpJ93irlUhC5hrg4cYqe6U+0ImW0rA==",
      "dependencies": [
        "dequal"
      ]
    },
    "emphasize@7.0.0": {
      "integrity": "sha512-jdFCDyt+YetBXO12VwK4AiLsMCvkZ3IBxMVIJddB+25EwIL0VETBgpvPkJl63+JyAgaQ5Wja10qWMoXXC95JNg==",
      "dependencies": [
        "@types/hast",
        "chalk",
        "highlight.js@11.9.0",
        "lowlight"
      ]
    },
    "fastest-levenshtein@1.0.16": {
      "integrity": "sha512-eRnCtTTtGZFpQCwhJiUOuxPQWRXVKYDn0b2PeHfXL6/Zi53SLAzAHfVhVWK2AryC/WH05kGfxhFIPvTF0SXQzg=="
    },
    "figlet@1.8.0": {
      "integrity": "sha512-chzvGjd+Sp7KUvPHZv6EXV5Ir3Q7kYNpCr4aHrRW79qFtTefmQZNny+W1pW9kf5zeE6dikku2W50W/wAH2xWgw=="
    },
    "highlight.js@11.11.1": {
      "integrity": "sha512-Xwwo44whKBVCYoliBQwaPvtd/2tYFkRQtXDWj1nackaV2JPXx3L0+Jvd8/qCJ2p+ML0/XVkJ2q+Mr+UVdpJK5w=="
    },
    "highlight.js@11.9.0": {
      "integrity": "sha512-fJ7cW7fQGCYAkgv4CPfwFHrfd/cLS4Hau96JuJ+ZTOWhjnhoeN1ub1tFmALm/+lW5z4WCAuAV9bm05AP0mS6Gw=="
    },
    "lowlight@3.1.0": {
      "integrity": "sha512-CEbNVoSikAxwDMDPjXlqlFYiZLkDJHwyGu/MfOsJnF3d7f3tds5J3z8s/l9TMXhzfsJCCJEAsD78842mwmg0PQ==",
      "dependencies": [
        "@types/hast",
        "devlop",
        "highlight.js@11.9.0"
      ]
    }
  },
  "remote": {
    "https://deno.land/x/levenshtein@v1.0.1/mod.ts": "6b632d4a9bb11ba6d5d02a770c7fc9b0a4125f30bd9c668632ff85e7f05ff4f6",
    "https://unpkg.com/@highlightjs/cdn-assets@11.9.0/es/languages/json.min.js": "7cd4f778d78d5d835fda5326de71bb90ef55d7b5d5b59e3eae54ed12879d6317",
    "https://unpkg.com/@highlightjs/cdn-assets@11.9.0/es/languages/yaml.min.js": "e2c21b0b82cfedfb1e32e5963709547d5fadf8f0a22cb524e60622cf6de06953"
  },
  "workspace": {
    "dependencies": [
      "jsr:@std/assert@^1.0.11",
      "jsr:@std/fmt@^1.0.5",
      "jsr:@std/io@~0.225.2",
      "jsr:@std/log@~0.224.14",
      "jsr:@std/path@^1.0.8",
      "jsr:@std/streams@^1.0.9",
      "jsr:@std/testing@^1.0.9",
      "npm:emphasize@7",
      "npm:fastest-levenshtein@^1.0.16",
      "npm:figlet@^1.8.0",
      "npm:highlight.js@^11.11.1"
    ]
  }
}
